// !$*UTF8*$!
{
	archiveVersion = 1;
	classes = {
	};
	objectVersion = 48;
	objects = {

/* Begin PBXBuildFile section */
		57F6890D20640A8B00B0CE75 /* AppDelegate.swift in Sources */ = {isa = PBXBuildFile; fileRef = 57F6890C20640A8B00B0CE75 /* AppDelegate.swift */; };
		57F6891220640A8B00B0CE75 /* Main.storyboard in Resources */ = {isa = PBXBuildFile; fileRef = 57F6891020640A8B00B0CE75 /* Main.storyboard */; };
		57F6891420640A8B00B0CE75 /* Assets.xcassets in Resources */ = {isa = PBXBuildFile; fileRef = 57F6891320640A8B00B0CE75 /* Assets.xcassets */; };
		57F6891720640A8B00B0CE75 /* LaunchScreen.storyboard in Resources */ = {isa = PBXBuildFile; fileRef = 57F6891520640A8B00B0CE75 /* LaunchScreen.storyboard */; };
		57F689B32064140B00B0CE75 /* QuartzCore.framework in Frameworks */ = {isa = PBXBuildFile; fileRef = 57F689B22064140B00B0CE75 /* QuartzCore.framework */; };
		57F689BA206421CA00B0CE75 /* ChooseCityViewController.swift in Sources */ = {isa = PBXBuildFile; fileRef = 57F689B9206421CA00B0CE75 /* ChooseCityViewController.swift */; };
		57F689C220642CEA00B0CE75 /* WeatherForecastTableViewCell.swift in Sources */ = {isa = PBXBuildFile; fileRef = 57F689C120642CEA00B0CE75 /* WeatherForecastTableViewCell.swift */; };
		842FF9BF22E23DA500BF2949 /* thunderLight.gif in Resources */ = {isa = PBXBuildFile; fileRef = 842FF9BE22E23DA500BF2949 /* thunderLight.gif */; };
		842FF9C122E242DC00BF2949 /* rain.gif in Resources */ = {isa = PBXBuildFile; fileRef = 842FF9C022E242DC00BF2949 /* rain.gif */; };
		842FF9C322E242F100BF2949 /* cloudy.gif in Resources */ = {isa = PBXBuildFile; fileRef = 842FF9C222E242F100BF2949 /* cloudy.gif */; };
		84CA582622E17FAB00A39F06 /* dummy.storyboard in Resources */ = {isa = PBXBuildFile; fileRef = 84CA582522E17FAB00A39F06 /* dummy.storyboard */; };
		84CA583022E1B6C700A39F06 /* CityModel.swift in Sources */ = {isa = PBXBuildFile; fileRef = 84CA582F22E1B6C700A39F06 /* CityModel.swift */; };
		84CA583222E1CCA200A39F06 /* ForecastModel.swift in Sources */ = {isa = PBXBuildFile; fileRef = 84CA583122E1CCA200A39F06 /* ForecastModel.swift */; };
		84CA583422E1CD6A00A39F06 /* WeatherForecastViewController.swift in Sources */ = {isa = PBXBuildFile; fileRef = 84CA583322E1CD6A00A39F06 /* WeatherForecastViewController.swift */; };
		84CA583822E1CF5500A39F06 /* ChooseCityTableViewCell.swift in Sources */ = {isa = PBXBuildFile; fileRef = 84CA583722E1CF5500A39F06 /* ChooseCityTableViewCell.swift */; };
		84CA583F22E1D8B500A39F06 /* AlertManager.swift in Sources */ = {isa = PBXBuildFile; fileRef = 84CA583A22E1D8B400A39F06 /* AlertManager.swift */; };
		84CA584022E1D8B500A39F06 /* LoaderManager.swift in Sources */ = {isa = PBXBuildFile; fileRef = 84CA583C22E1D8B400A39F06 /* LoaderManager.swift */; };
		84CA584422E1D92200A39F06 /* NetworkManager.swift in Sources */ = {isa = PBXBuildFile; fileRef = 84CA584322E1D92100A39F06 /* NetworkManager.swift */; };
		84CA584622E1DEA400A39F06 /* Constant.swift in Sources */ = {isa = PBXBuildFile; fileRef = 84CA584522E1DEA400A39F06 /* Constant.swift */; };
		FB7764904BC54957C7712E7E /* Pods_WeatherHub.framework in Frameworks */ = {isa = PBXBuildFile; fileRef = AE857836DFF46042FED25722 /* Pods_WeatherHub.framework */; };
/* End PBXBuildFile section */

/* Begin PBXFileReference section */
		13C5435E53FFE98EEB2EF5DB /* Pods-WeatherHub.debug.xcconfig */ = {isa = PBXFileReference; includeInIndex = 1; lastKnownFileType = text.xcconfig; name = "Pods-WeatherHub.debug.xcconfig"; path = "Pods/Target Support Files/Pods-WeatherHub/Pods-WeatherHub.debug.xcconfig"; sourceTree = "<group>"; };
		1A612547449AAD71028547D3 /* Pods-WeatherHub.release.xcconfig */ = {isa = PBXFileReference; includeInIndex = 1; lastKnownFileType = text.xcconfig; name = "Pods-WeatherHub.release.xcconfig"; path = "Pods/Target Support Files/Pods-WeatherHub/Pods-WeatherHub.release.xcconfig"; sourceTree = "<group>"; };
		57F6890920640A8B00B0CE75 /* WeatherHub.app */ = {isa = PBXFileReference; explicitFileType = wrapper.application; includeInIndex = 0; path = WeatherHub.app; sourceTree = BUILT_PRODUCTS_DIR; };
		57F6890C20640A8B00B0CE75 /* AppDelegate.swift */ = {isa = PBXFileReference; lastKnownFileType = sourcecode.swift; path = AppDelegate.swift; sourceTree = "<group>"; };
		57F6891120640A8B00B0CE75 /* Base */ = {isa = PBXFileReference; lastKnownFileType = file.storyboard; name = Base; path = Base.lproj/Main.storyboard; sourceTree = "<group>"; };
		57F6891320640A8B00B0CE75 /* Assets.xcassets */ = {isa = PBXFileReference; lastKnownFileType = folder.assetcatalog; path = Assets.xcassets; sourceTree = "<group>"; };
		57F6891620640A8B00B0CE75 /* Base */ = {isa = PBXFileReference; lastKnownFileType = file.storyboard; name = Base; path = Base.lproj/LaunchScreen.storyboard; sourceTree = "<group>"; };
		57F6891820640A8B00B0CE75 /* Info.plist */ = {isa = PBXFileReference; lastKnownFileType = text.plist.xml; path = Info.plist; sourceTree = "<group>"; };
		57F689B22064140B00B0CE75 /* QuartzCore.framework */ = {isa = PBXFileReference; lastKnownFileType = wrapper.framework; name = QuartzCore.framework; path = System/Library/Frameworks/QuartzCore.framework; sourceTree = SDKROOT; };
		57F689B9206421CA00B0CE75 /* ChooseCityViewController.swift */ = {isa = PBXFileReference; lastKnownFileType = sourcecode.swift; path = ChooseCityViewController.swift; sourceTree = "<group>"; };
		57F689C120642CEA00B0CE75 /* WeatherForecastTableViewCell.swift */ = {isa = PBXFileReference; lastKnownFileType = sourcecode.swift; path = WeatherForecastTableViewCell.swift; sourceTree = "<group>"; };
		842FF9BE22E23DA500BF2949 /* thunderLight.gif */ = {isa = PBXFileReference; lastKnownFileType = image.gif; path = thunderLight.gif; sourceTree = "<group>"; };
		842FF9C022E242DC00BF2949 /* rain.gif */ = {isa = PBXFileReference; lastKnownFileType = image.gif; path = rain.gif; sourceTree = "<group>"; };
		842FF9C222E242F100BF2949 /* cloudy.gif */ = {isa = PBXFileReference; lastKnownFileType = image.gif; path = cloudy.gif; sourceTree = "<group>"; };
		84CA582522E17FAB00A39F06 /* dummy.storyboard */ = {isa = PBXFileReference; lastKnownFileType = file.storyboard; path = dummy.storyboard; sourceTree = "<group>"; };
		84CA582F22E1B6C700A39F06 /* CityModel.swift */ = {isa = PBXFileReference; lastKnownFileType = sourcecode.swift; path = CityModel.swift; sourceTree = "<group>"; };
		84CA583122E1CCA200A39F06 /* ForecastModel.swift */ = {isa = PBXFileReference; lastKnownFileType = sourcecode.swift; path = ForecastModel.swift; sourceTree = "<group>"; };
		84CA583322E1CD6A00A39F06 /* WeatherForecastViewController.swift */ = {isa = PBXFileReference; lastKnownFileType = sourcecode.swift; path = WeatherForecastViewController.swift; sourceTree = "<group>"; };
		84CA583722E1CF5500A39F06 /* ChooseCityTableViewCell.swift */ = {isa = PBXFileReference; lastKnownFileType = sourcecode.swift; path = ChooseCityTableViewCell.swift; sourceTree = "<group>"; };
		84CA583A22E1D8B400A39F06 /* AlertManager.swift */ = {isa = PBXFileReference; fileEncoding = 4; lastKnownFileType = sourcecode.swift; path = AlertManager.swift; sourceTree = "<group>"; };
		84CA583C22E1D8B400A39F06 /* LoaderManager.swift */ = {isa = PBXFileReference; fileEncoding = 4; lastKnownFileType = sourcecode.swift; path = LoaderManager.swift; sourceTree = "<group>"; };
		84CA584322E1D92100A39F06 /* NetworkManager.swift */ = {isa = PBXFileReference; fileEncoding = 4; lastKnownFileType = sourcecode.swift; path = NetworkManager.swift; sourceTree = "<group>"; };
		84CA584522E1DEA400A39F06 /* Constant.swift */ = {isa = PBXFileReference; lastKnownFileType = sourcecode.swift; path = Constant.swift; sourceTree = "<group>"; };
		AE857836DFF46042FED25722 /* Pods_WeatherHub.framework */ = {isa = PBXFileReference; explicitFileType = wrapper.framework; includeInIndex = 0; path = Pods_WeatherHub.framework; sourceTree = BUILT_PRODUCTS_DIR; };
/* End PBXFileReference section */

/* Begin PBXFrameworksBuildPhase section */
		57F6890620640A8B00B0CE75 /* Frameworks */ = {
			isa = PBXFrameworksBuildPhase;
			buildActionMask = 2147483647;
			files = (
				57F689B32064140B00B0CE75 /* QuartzCore.framework in Frameworks */,
				FB7764904BC54957C7712E7E /* Pods_WeatherHub.framework in Frameworks */,
			);
			runOnlyForDeploymentPostprocessing = 0;
		};
/* End PBXFrameworksBuildPhase section */

/* Begin PBXGroup section */
		57E130A1206629E5007D17AB /* StoryBoard */ = {
			isa = PBXGroup;
			children = (
				57F6891020640A8B00B0CE75 /* Main.storyboard */,
				84CA582522E17FAB00A39F06 /* dummy.storyboard */,
			);
			path = StoryBoard;
			sourceTree = "<group>";
		};
		57E130AB20663529007D17AB /* AppDelegate */ = {
			isa = PBXGroup;
			children = (
				57F6890C20640A8B00B0CE75 /* AppDelegate.swift */,
			);
			path = AppDelegate;
			sourceTree = "<group>";
		};
		57F6890020640A8B00B0CE75 = {
			isa = PBXGroup;
			children = (
				57F6890B20640A8B00B0CE75 /* WeatherHub */,
				57F6890A20640A8B00B0CE75 /* Products */,
				57F689B12064140A00B0CE75 /* Frameworks */,
				8CF4325523757F870A3F46BE /* Pods */,
			);
			sourceTree = "<group>";
		};
		57F6890A20640A8B00B0CE75 /* Products */ = {
			isa = PBXGroup;
			children = (
				57F6890920640A8B00B0CE75 /* WeatherHub.app */,
			);
			name = Products;
			sourceTree = "<group>";
		};
		57F6890B20640A8B00B0CE75 /* WeatherHub */ = {
			isa = PBXGroup;
			children = (
				842FF9BD22E23CC500BF2949 /* GIF */,
				84CA584722E1DEAB00A39F06 /* Constant */,
				84CA584222E1D92100A39F06 /* NetworkManager */,
				84CA583922E1D8B400A39F06 /* AlertManager */,
				84CA583B22E1D8B400A39F06 /* LoaderManager */,
				57E130AB20663529007D17AB /* AppDelegate */,
				57E130A1206629E5007D17AB /* StoryBoard */,
				57F689BD20642CA400B0CE75 /* WeatherForecast */,
				57F689B7206421A100B0CE75 /* Choose City */,
				57F6891320640A8B00B0CE75 /* Assets.xcassets */,
				57F6891520640A8B00B0CE75 /* LaunchScreen.storyboard */,
				57F6891820640A8B00B0CE75 /* Info.plist */,
			);
			path = WeatherHub;
			sourceTree = "<group>";
		};
		57F689B12064140A00B0CE75 /* Frameworks */ = {
			isa = PBXGroup;
			children = (
				57F689B22064140B00B0CE75 /* QuartzCore.framework */,
				AE857836DFF46042FED25722 /* Pods_WeatherHub.framework */,
			);
			name = Frameworks;
			sourceTree = "<group>";
		};
		57F689B7206421A100B0CE75 /* Choose City */ = {
			isa = PBXGroup;
			children = (
				84CA582B22E1B5C700A39F06 /* Model */,
				84CA582822E1B19400A39F06 /* View */,
				84CA582922E1B19B00A39F06 /* Controller */,
			);
			path = "Choose City";
			sourceTree = "<group>";
		};
		57F689BD20642CA400B0CE75 /* WeatherForecast */ = {
			isa = PBXGroup;
			children = (
				84CA582E22E1B5E400A39F06 /* Model */,
				84CA582D22E1B5DD00A39F06 /* View */,
				84CA582C22E1B5D400A39F06 /* Controller */,
			);
			path = WeatherForecast;
			sourceTree = "<group>";
		};
		842FF9BD22E23CC500BF2949 /* GIF */ = {
			isa = PBXGroup;
			children = (
				842FF9C222E242F100BF2949 /* cloudy.gif */,
				842FF9BE22E23DA500BF2949 /* thunderLight.gif */,
				842FF9C022E242DC00BF2949 /* rain.gif */,
			);
			path = GIF;
			sourceTree = "<group>";
		};
		84CA582822E1B19400A39F06 /* View */ = {
			isa = PBXGroup;
			children = (
				84CA583722E1CF5500A39F06 /* ChooseCityTableViewCell.swift */,
			);
			path = View;
			sourceTree = "<group>";
		};
		84CA582922E1B19B00A39F06 /* Controller */ = {
			isa = PBXGroup;
			children = (
				57F689B9206421CA00B0CE75 /* ChooseCityViewController.swift */,
			);
			path = Controller;
			sourceTree = "<group>";
		};
		84CA582B22E1B5C700A39F06 /* Model */ = {
			isa = PBXGroup;
			children = (
				84CA582F22E1B6C700A39F06 /* CityModel.swift */,
			);
			path = Model;
			sourceTree = "<group>";
		};
		84CA582C22E1B5D400A39F06 /* Controller */ = {
			isa = PBXGroup;
			children = (
				84CA583322E1CD6A00A39F06 /* WeatherForecastViewController.swift */,
			);
			path = Controller;
			sourceTree = "<group>";
		};
		84CA582D22E1B5DD00A39F06 /* View */ = {
			isa = PBXGroup;
			children = (
				57F689C120642CEA00B0CE75 /* WeatherForecastTableViewCell.swift */,
			);
			path = View;
			sourceTree = "<group>";
		};
		84CA582E22E1B5E400A39F06 /* Model */ = {
			isa = PBXGroup;
			children = (
				84CA583122E1CCA200A39F06 /* ForecastModel.swift */,
			);
			path = Model;
			sourceTree = "<group>";
		};
		84CA583922E1D8B400A39F06 /* AlertManager */ = {
			isa = PBXGroup;
			children = (
				84CA583A22E1D8B400A39F06 /* AlertManager.swift */,
			);
			path = AlertManager;
			sourceTree = "<group>";
		};
		84CA583B22E1D8B400A39F06 /* LoaderManager */ = {
			isa = PBXGroup;
			children = (
				84CA583C22E1D8B400A39F06 /* LoaderManager.swift */,
			);
			path = LoaderManager;
			sourceTree = "<group>";
		};
		84CA584222E1D92100A39F06 /* NetworkManager */ = {
			isa = PBXGroup;
			children = (
				84CA584322E1D92100A39F06 /* NetworkManager.swift */,
			);
			path = NetworkManager;
			sourceTree = "<group>";
		};
		84CA584722E1DEAB00A39F06 /* Constant */ = {
			isa = PBXGroup;
			children = (
				84CA584522E1DEA400A39F06 /* Constant.swift */,
			);
			path = Constant;
			sourceTree = "<group>";
		};
		8CF4325523757F870A3F46BE /* Pods */ = {
			isa = PBXGroup;
			children = (
				13C5435E53FFE98EEB2EF5DB /* Pods-WeatherHub.debug.xcconfig */,
				1A612547449AAD71028547D3 /* Pods-WeatherHub.release.xcconfig */,
			);
			name = Pods;
			sourceTree = "<group>";
		};
/* End PBXGroup section */

/* Begin PBXNativeTarget section */
		57F6890820640A8B00B0CE75 /* WeatherHub */ = {
			isa = PBXNativeTarget;
			buildConfigurationList = 57F6891B20640A8B00B0CE75 /* Build configuration list for PBXNativeTarget "WeatherHub" */;
			buildPhases = (
				8C116744846F96B522660FF3 /* [CP] Check Pods Manifest.lock */,
				57F6890520640A8B00B0CE75 /* Sources */,
				57F6890620640A8B00B0CE75 /* Frameworks */,
				57F6890720640A8B00B0CE75 /* Resources */,
				324B933C80535B7A51EFE41F /* [CP] Embed Pods Frameworks */,
			);
			buildRules = (
			);
			dependencies = (
			);
			name = WeatherHub;
			productName = WeatherHub;
			productReference = 57F6890920640A8B00B0CE75 /* WeatherHub.app */;
			productType = "com.apple.product-type.application";
		};
/* End PBXNativeTarget section */

/* Begin PBXProject section */
		57F6890120640A8B00B0CE75 /* Project object */ = {
			isa = PBXProject;
			attributes = {
				LastSwiftUpdateCheck = 0920;
				LastUpgradeCheck = 0920;
				ORGANIZATIONNAME = "kamlesh kumar";
				TargetAttributes = {
					57F6890820640A8B00B0CE75 = {
						CreatedOnToolsVersion = 9.2;
						ProvisioningStyle = Automatic;
					};
				};
			};
			buildConfigurationList = 57F6890420640A8B00B0CE75 /* Build configuration list for PBXProject "WeatherHub" */;
			compatibilityVersion = "Xcode 8.0";
			developmentRegion = en;
			hasScannedForEncodings = 0;
			knownRegions = (
				en,
				Base,
			);
			mainGroup = 57F6890020640A8B00B0CE75;
			productRefGroup = 57F6890A20640A8B00B0CE75 /* Products */;
			projectDirPath = "";
			projectRoot = "";
			targets = (
				57F6890820640A8B00B0CE75 /* WeatherHub */,
			);
		};
/* End PBXProject section */

/* Begin PBXResourcesBuildPhase section */
		57F6890720640A8B00B0CE75 /* Resources */ = {
			isa = PBXResourcesBuildPhase;
			buildActionMask = 2147483647;
			files = (
				57F6891720640A8B00B0CE75 /* LaunchScreen.storyboard in Resources */,
				57F6891420640A8B00B0CE75 /* Assets.xcassets in Resources */,
				57F6891220640A8B00B0CE75 /* Main.storyboard in Resources */,
				842FF9C322E242F100BF2949 /* cloudy.gif in Resources */,
				84CA582622E17FAB00A39F06 /* dummy.storyboard in Resources */,
				842FF9C122E242DC00BF2949 /* rain.gif in Resources */,
				842FF9BF22E23DA500BF2949 /* thunderLight.gif in Resources */,
			);
			runOnlyForDeploymentPostprocessing = 0;
		};
/* End PBXResourcesBuildPhase section */

/* Begin PBXShellScriptBuildPhase section */
		324B933C80535B7A51EFE41F /* [CP] Embed Pods Frameworks */ = {
			isa = PBXShellScriptBuildPhase;
			buildActionMask = 2147483647;
			files = (
			);
			inputPaths = (
				"${SRCROOT}/Pods/Target Support Files/Pods-WeatherHub/Pods-WeatherHub-frameworks.sh",
				"${BUILT_PRODUCTS_DIR}/SDWebImage/SDWebImage.framework",
				"${BUILT_PRODUCTS_DIR}/SwiftyGif/SwiftyGif.framework",
			);
			name = "[CP] Embed Pods Frameworks";
			outputPaths = (
				"${TARGET_BUILD_DIR}/${FRAMEWORKS_FOLDER_PATH}/SDWebImage.framework",
				"${TARGET_BUILD_DIR}/${FRAMEWORKS_FOLDER_PATH}/SwiftyGif.framework",
			);
			runOnlyForDeploymentPostprocessing = 0;
			shellPath = /bin/sh;
			shellScript = "\"${SRCROOT}/Pods/Target Support Files/Pods-WeatherHub/Pods-WeatherHub-frameworks.sh\"\n";
			showEnvVarsInLog = 0;
		};
		8C116744846F96B522660FF3 /* [CP] Check Pods Manifest.lock */ = {
			isa = PBXShellScriptBuildPhase;
			buildActionMask = 2147483647;
			files = (
			);
			inputPaths = (
				"${PODS_PODFILE_DIR_PATH}/Podfile.lock",
				"${PODS_ROOT}/Manifest.lock",
			);
			name = "[CP] Check Pods Manifest.lock";
			outputPaths = (
				"$(DERIVED_FILE_DIR)/Pods-WeatherHub-checkManifestLockResult.txt",
			);
			runOnlyForDeploymentPostprocessing = 0;
			shellPath = /bin/sh;
			shellScript = "diff \"${PODS_PODFILE_DIR_PATH}/Podfile.lock\" \"${PODS_ROOT}/Manifest.lock\" > /dev/null\nif [ $? != 0 ] ; then\n    # print error to STDERR\n    echo \"error: The sandbox is not in sync with the Podfile.lock. Run 'pod install' or update your CocoaPods installation.\" >&2\n    exit 1\nfi\n# This output is used by Xcode 'outputs' to avoid re-running this script phase.\necho \"SUCCESS\" > \"${SCRIPT_OUTPUT_FILE_0}\"\n";
			showEnvVarsInLog = 0;
		};
/* End PBXShellScriptBuildPhase section */

/* Begin PBXSourcesBuildPhase section */
		57F6890520640A8B00B0CE75 /* Sources */ = {
			isa = PBXSourcesBuildPhase;
			buildActionMask = 2147483647;
			files = (
				84CA584022E1D8B500A39F06 /* LoaderManager.swift in Sources */,
				57F689C220642CEA00B0CE75 /* WeatherForecastTableViewCell.swift in Sources */,
				84CA583022E1B6C700A39F06 /* CityModel.swift in Sources */,
				57F689BA206421CA00B0CE75 /* ChooseCityViewController.swift in Sources */,
				84CA584422E1D92200A39F06 /* NetworkManager.swift in Sources */,
				84CA583422E1CD6A00A39F06 /* WeatherForecastViewController.swift in Sources */,
				84CA583822E1CF5500A39F06 /* ChooseCityTableViewCell.swift in Sources */,
				57F6890D20640A8B00B0CE75 /* AppDelegate.swift in Sources */,
				84CA583222E1CCA200A39F06 /* ForecastModel.swift in Sources */,
				84CA583F22E1D8B500A39F06 /* AlertManager.swift in Sources */,
				84CA584622E1DEA400A39F06 /* Constant.swift in Sources */,
			);
			runOnlyForDeploymentPostprocessing = 0;
		};
/* End PBXSourcesBuildPhase section */

/* Begin PBXVariantGroup section */
		57F6891020640A8B00B0CE75 /* Main.storyboard */ = {
			isa = PBXVariantGroup;
			children = (
				57F6891120640A8B00B0CE75 /* Base */,
			);
			name = Main.storyboard;
			sourceTree = "<group>";
		};
		57F6891520640A8B00B0CE75 /* LaunchScreen.storyboard */ = {
			isa = PBXVariantGroup;
			children = (
				57F6891620640A8B00B0CE75 /* Base */,
			);
			name = LaunchScreen.storyboard;
			sourceTree = "<group>";
		};
/* End PBXVariantGroup section */

/* Begin XCBuildConfiguration section */
		57F6891920640A8B00B0CE75 /* Debug */ = {
			isa = XCBuildConfiguration;
			buildSettings = {
				ALWAYS_SEARCH_USER_PATHS = NO;
				CLANG_ANALYZER_NONNULL = YES;
				CLANG_ANALYZER_NUMBER_OBJECT_CONVERSION = YES_AGGRESSIVE;
				CLANG_CXX_LANGUAGE_STANDARD = "gnu++14";
				CLANG_CXX_LIBRARY = "libc++";
				CLANG_ENABLE_MODULES = YES;
				CLANG_ENABLE_OBJC_ARC = YES;
				CLANG_WARN_BLOCK_CAPTURE_AUTORELEASING = YES;
				CLANG_WARN_BOOL_CONVERSION = YES;
				CLANG_WARN_COMMA = YES;
				CLANG_WARN_CONSTANT_CONVERSION = YES;
				CLANG_WARN_DIRECT_OBJC_ISA_USAGE = YES_ERROR;
				CLANG_WARN_DOCUMENTATION_COMMENTS = YES;
				CLANG_WARN_EMPTY_BODY = YES;
				CLANG_WARN_ENUM_CONVERSION = YES;
				CLANG_WARN_INFINITE_RECURSION = YES;
				CLANG_WARN_INT_CONVERSION = YES;
				CLANG_WARN_NON_LITERAL_NULL_CONVERSION = YES;
				CLANG_WARN_OBJC_LITERAL_CONVERSION = YES;
				CLANG_WARN_OBJC_ROOT_CLASS = YES_ERROR;
				CLANG_WARN_RANGE_LOOP_ANALYSIS = YES;
				CLANG_WARN_STRICT_PROTOTYPES = YES;
				CLANG_WARN_SUSPICIOUS_MOVE = YES;
				CLANG_WARN_UNGUARDED_AVAILABILITY = YES_AGGRESSIVE;
				CLANG_WARN_UNREACHABLE_CODE = YES;
				CLANG_WARN__DUPLICATE_METHOD_MATCH = YES;
				CODE_SIGN_IDENTITY = "iPhone Developer";
				COPY_PHASE_STRIP = NO;
				DEBUG_INFORMATION_FORMAT = dwarf;
				ENABLE_STRICT_OBJC_MSGSEND = YES;
				ENABLE_TESTABILITY = YES;
				GCC_C_LANGUAGE_STANDARD = gnu11;
				GCC_DYNAMIC_NO_PIC = NO;
				GCC_NO_COMMON_BLOCKS = YES;
				GCC_OPTIMIZATION_LEVEL = 0;
				GCC_PREPROCESSOR_DEFINITIONS = (
					"DEBUG=1",
					"$(inherited)",
				);
				GCC_WARN_64_TO_32_BIT_CONVERSION = YES;
				GCC_WARN_ABOUT_RETURN_TYPE = YES_ERROR;
				GCC_WARN_UNDECLARED_SELECTOR = YES;
				GCC_WARN_UNINITIALIZED_AUTOS = YES_AGGRESSIVE;
				GCC_WARN_UNUSED_FUNCTION = YES;
				GCC_WARN_UNUSED_VARIABLE = YES;
				IPHONEOS_DEPLOYMENT_TARGET = 11.2;
				MTL_ENABLE_DEBUG_INFO = YES;
				ONLY_ACTIVE_ARCH = YES;
				SDKROOT = iphoneos;
				SWIFT_ACTIVE_COMPILATION_CONDITIONS = DEBUG;
				SWIFT_OPTIMIZATION_LEVEL = "-Onone";
			};
			name = Debug;
		};
		57F6891A20640A8B00B0CE75 /* Release */ = {
			isa = XCBuildConfiguration;
			buildSettings = {
				ALWAYS_SEARCH_USER_PATHS = NO;
				CLANG_ANALYZER_NONNULL = YES;
				CLANG_ANALYZER_NUMBER_OBJECT_CONVERSION = YES_AGGRESSIVE;
				CLANG_CXX_LANGUAGE_STANDARD = "gnu++14";
				CLANG_CXX_LIBRARY = "libc++";
				CLANG_ENABLE_MODULES = YES;
				CLANG_ENABLE_OBJC_ARC = YES;
				CLANG_WARN_BLOCK_CAPTURE_AUTORELEASING = YES;
				CLANG_WARN_BOOL_CONVERSION = YES;
				CLANG_WARN_COMMA = YES;
				CLANG_WARN_CONSTANT_CONVERSION = YES;
				CLANG_WARN_DIRECT_OBJC_ISA_USAGE = YES_ERROR;
				CLANG_WARN_DOCUMENTATION_COMMENTS = YES;
				CLANG_WARN_EMPTY_BODY = YES;
				CLANG_WARN_ENUM_CONVERSION = YES;
				CLANG_WARN_INFINITE_RECURSION = YES;
				CLANG_WARN_INT_CONVERSION = YES;
				CLANG_WARN_NON_LITERAL_NULL_CONVERSION = YES;
				CLANG_WARN_OBJC_LITERAL_CONVERSION = YES;
				CLANG_WARN_OBJC_ROOT_CLASS = YES_ERROR;
				CLANG_WARN_RANGE_LOOP_ANALYSIS = YES;
				CLANG_WARN_STRICT_PROTOTYPES = YES;
				CLANG_WARN_SUSPICIOUS_MOVE = YES;
				CLANG_WARN_UNGUARDED_AVAILABILITY = YES_AGGRESSIVE;
				CLANG_WARN_UNREACHABLE_CODE = YES;
				CLANG_WARN__DUPLICATE_METHOD_MATCH = YES;
				CODE_SIGN_IDENTITY = "iPhone Developer";
				COPY_PHASE_STRIP = NO;
				DEBUG_INFORMATION_FORMAT = "dwarf-with-dsym";
				ENABLE_NS_ASSERTIONS = NO;
				ENABLE_STRICT_OBJC_MSGSEND = YES;
				GCC_C_LANGUAGE_STANDARD = gnu11;
				GCC_NO_COMMON_BLOCKS = YES;
				GCC_WARN_64_TO_32_BIT_CONVERSION = YES;
				GCC_WARN_ABOUT_RETURN_TYPE = YES_ERROR;
				GCC_WARN_UNDECLARED_SELECTOR = YES;
				GCC_WARN_UNINITIALIZED_AUTOS = YES_AGGRESSIVE;
				GCC_WARN_UNUSED_FUNCTION = YES;
				GCC_WARN_UNUSED_VARIABLE = YES;
				IPHONEOS_DEPLOYMENT_TARGET = 11.2;
				MTL_ENABLE_DEBUG_INFO = NO;
				SDKROOT = iphoneos;
				SWIFT_OPTIMIZATION_LEVEL = "-Owholemodule";
				VALIDATE_PRODUCT = YES;
			};
			name = Release;
		};
		57F6891C20640A8B00B0CE75 /* Debug */ = {
			isa = XCBuildConfiguration;
			baseConfigurationReference = 13C5435E53FFE98EEB2EF5DB /* Pods-WeatherHub.debug.xcconfig */;
			buildSettings = {
				ASSETCATALOG_COMPILER_APPICON_NAME = AppIcon;
				CODE_SIGN_STYLE = Automatic;
				DEVELOPMENT_TEAM = 7966LQCZYF;
				INFOPLIST_FILE = WeatherHub/Info.plist;
				IPHONEOS_DEPLOYMENT_TARGET = 9.1;
				LD_RUNPATH_SEARCH_PATHS = "$(inherited) @executable_path/Frameworks";
				PRODUCT_BUNDLE_IDENTIFIER = demo.WeatherHub;
				PRODUCT_NAME = "$(TARGET_NAME)";
				SWIFT_OBJC_BRIDGING_HEADER = "";
				SWIFT_VERSION = 5.0;
				TARGETED_DEVICE_FAMILY = 1;
			};
			name = Debug;
		};
		57F6891D20640A8B00B0CE75 /* Release */ = {
			isa = XCBuildConfiguration;
			baseConfigurationReference = 1A612547449AAD71028547D3 /* Pods-WeatherHub.release.xcconfig */;
			buildSettings = {
				ASSETCATALOG_COMPILER_APPICON_NAME = AppIcon;
				CODE_SIGN_STYLE = Automatic;
				DEVELOPMENT_TEAM = 7966LQCZYF;
				INFOPLIST_FILE = WeatherHub/Info.plist;
				IPHONEOS_DEPLOYMENT_TARGET = 9.1;
				LD_RUNPATH_SEARCH_PATHS = "$(inherited) @executable_path/Frameworks";
				PRODUCT_BUNDLE_IDENTIFIER = demo.WeatherHub;
				PRODUCT_NAME = "$(TARGET_NAME)";
				SWIFT_OBJC_BRIDGING_HEADER = "";
				SWIFT_VERSION = 5.0;
				TARGETED_DEVICE_FAMILY = 1;
			};
			name = Release;
		};
/* End XCBuildConfiguration section */

/* Begin XCConfigurationList section */
		57F6890420640A8B00B0CE75 /* Build configuration list for PBXProject "WeatherHub" */ = {
			isa = XCConfigurationList;
			buildConfigurations = (
				57F6891920640A8B00B0CE75 /* Debug */,
				57F6891A20640A8B00B0CE75 /* Release */,
			);
			defaultConfigurationIsVisible = 0;
			defaultConfigurationName = Release;
		};
		57F6891B20640A8B00B0CE75 /* Build configuration list for PBXNativeTarget "WeatherHub" */ = {
			isa = XCConfigurationList;
			buildConfigurations = (
				57F6891C20640A8B00B0CE75 /* Debug */,
				57F6891D20640A8B00B0CE75 /* Release */,
			);
			defaultConfigurationIsVisible = 0;
			defaultConfigurationName = Release;
		};
/* End XCConfigurationList section */
	};
	rootObject = 57F6890120640A8B00B0CE75 /* Project object */;
}
